// !$*UTF8*$!
{
	archiveVersion = 1;
	classes = {
	};
	objectVersion = 56;
	objects = {

/* Begin PBXBuildFile section */
		593C134F2A79325C0008945E /* StrideApp.swift in Sources */ = {isa = PBXBuildFile; fileRef = 593C134E2A79325C0008945E /* StrideApp.swift */; };
		593C13512A79325C0008945E /* ContentView.swift in Sources */ = {isa = PBXBuildFile; fileRef = 593C13502A79325C0008945E /* ContentView.swift */; };
		593C13532A79325D0008945E /* Assets.xcassets in Resources */ = {isa = PBXBuildFile; fileRef = 593C13522A79325D0008945E /* Assets.xcassets */; };
		593C13562A79325D0008945E /* Preview Assets.xcassets in Resources */ = {isa = PBXBuildFile; fileRef = 593C13552A79325D0008945E /* Preview Assets.xcassets */; };
		593C135C2A79325D0008945E /* Stride Watch App.app in Embed Watch Content */ = {isa = PBXBuildFile; fileRef = 593C135B2A79325D0008945E /* Stride Watch App.app */; settings = {ATTRIBUTES = (RemoveHeadersOnCopy, ); }; };
		593C13612A79325D0008945E /* StrideApp.swift in Sources */ = {isa = PBXBuildFile; fileRef = 593C13602A79325D0008945E /* StrideApp.swift */; };
		593C13632A79325D0008945E /* ContentView.swift in Sources */ = {isa = PBXBuildFile; fileRef = 593C13622A79325D0008945E /* ContentView.swift */; };
		593C13652A79325E0008945E /* Assets.xcassets in Resources */ = {isa = PBXBuildFile; fileRef = 593C13642A79325E0008945E /* Assets.xcassets */; };
		593C13682A79325E0008945E /* Preview Assets.xcassets in Resources */ = {isa = PBXBuildFile; fileRef = 593C13672A79325E0008945E /* Preview Assets.xcassets */; };
		593C13782A79B6160008945E /* RouteList.swift in Sources */ = {isa = PBXBuildFile; fileRef = 593C13772A79B6160008945E /* RouteList.swift */; };
		593C137A2A79B6410008945E /* DrawPath.swift in Sources */ = {isa = PBXBuildFile; fileRef = 593C13792A79B6410008945E /* DrawPath.swift */; };
		593C137C2A79B6650008945E /* MapView.swift in Sources */ = {isa = PBXBuildFile; fileRef = 593C137B2A79B6650008945E /* MapView.swift */; };
		593C137E2A79F0990008945E /* MapView.swift in Sources */ = {isa = PBXBuildFile; fileRef = 593C137D2A79F0990008945E /* MapView.swift */; };
		593C137F2A79F3660008945E /* RouteList.swift in Sources */ = {isa = PBXBuildFile; fileRef = 593C13772A79B6160008945E /* RouteList.swift */; };
		593C13842A7C5B680008945E /* RealTimeLocation.swift in Sources */ = {isa = PBXBuildFile; fileRef = 593C13832A7C5B680008945E /* RealTimeLocation.swift */; };
		59704EEA2A847B0500257BDA /* Controller.swift in Sources */ = {isa = PBXBuildFile; fileRef = 59704EE92A847B0500257BDA /* Controller.swift */; };
		59F3A26F2A7E7C8C00491709 /* GlobalVariabel.swift in Sources */ = {isa = PBXBuildFile; fileRef = 59F3A26E2A7E7C8C00491709 /* GlobalVariabel.swift */; };
		59F3A2702A7E7C8C00491709 /* GlobalVariabel.swift in Sources */ = {isa = PBXBuildFile; fileRef = 59F3A26E2A7E7C8C00491709 /* GlobalVariabel.swift */; };
		59F3A2722A7E7E2900491709 /* ArrowButtonComponent.swift in Sources */ = {isa = PBXBuildFile; fileRef = 59F3A2712A7E7E2900491709 /* ArrowButtonComponent.swift */; };
		59F3A2752A7E7F6C00491709 /* ChoseRouteButtonView.swift in Sources */ = {isa = PBXBuildFile; fileRef = 59F3A2742A7E7F6C00491709 /* ChoseRouteButtonView.swift */; };
		59F3A2782A7FBA9C00491709 /* HealthController.swift in Sources */ = {isa = PBXBuildFile; fileRef = 59F3A2772A7FBA9C00491709 /* HealthController.swift */; };
		59F3A2792A7FBA9C00491709 /* HealthController.swift in Sources */ = {isa = PBXBuildFile; fileRef = 59F3A2772A7FBA9C00491709 /* HealthController.swift */; };
		59F3A2832A81DA6A00491709 /* StartButtonComponent.swift in Sources */ = {isa = PBXBuildFile; fileRef = 59F3A2822A81DA6A00491709 /* StartButtonComponent.swift */; };
		59F3A2872A83242000491709 /* WatchConnectivityController.swift in Sources */ = {isa = PBXBuildFile; fileRef = 59F3A2862A83242000491709 /* WatchConnectivityController.swift */; };
		59F3A2882A83242000491709 /* WatchConnectivityController.swift in Sources */ = {isa = PBXBuildFile; fileRef = 59F3A2862A83242000491709 /* WatchConnectivityController.swift */; };
/* End PBXBuildFile section */

/* Begin PBXContainerItemProxy section */
		593C135D2A79325D0008945E /* PBXContainerItemProxy */ = {
			isa = PBXContainerItemProxy;
			containerPortal = 593C13432A79325C0008945E /* Project object */;
			proxyType = 1;
			remoteGlobalIDString = 593C135A2A79325D0008945E;
			remoteInfo = "Stride Watch App";
		};
/* End PBXContainerItemProxy section */

/* Begin PBXCopyFilesBuildPhase section */
		593C136E2A79325E0008945E /* Embed Watch Content */ = {
			isa = PBXCopyFilesBuildPhase;
			buildActionMask = 2147483647;
			dstPath = "$(CONTENTS_FOLDER_PATH)/Watch";
			dstSubfolderSpec = 16;
			files = (
				593C135C2A79325D0008945E /* Stride Watch App.app in Embed Watch Content */,
			);
			name = "Embed Watch Content";
			runOnlyForDeploymentPostprocessing = 0;
		};
		593C13962A7C81AD0008945E /* Embed ExtensionKit Extensions */ = {
			isa = PBXCopyFilesBuildPhase;
			buildActionMask = 2147483647;
			dstPath = "$(EXTENSIONS_FOLDER_PATH)";
			dstSubfolderSpec = 16;
			files = (
			);
			name = "Embed ExtensionKit Extensions";
			runOnlyForDeploymentPostprocessing = 0;
		};
		593C13A62A7C81ED0008945E /* Embed Foundation Extensions */ = {
			isa = PBXCopyFilesBuildPhase;
			buildActionMask = 2147483647;
			dstPath = "";
			dstSubfolderSpec = 13;
			files = (
			);
			name = "Embed Foundation Extensions";
			runOnlyForDeploymentPostprocessing = 0;
		};
/* End PBXCopyFilesBuildPhase section */

/* Begin PBXFileReference section */
		593C134B2A79325C0008945E /* Stride.app */ = {isa = PBXFileReference; explicitFileType = wrapper.application; includeInIndex = 0; path = Stride.app; sourceTree = BUILT_PRODUCTS_DIR; };
		593C134E2A79325C0008945E /* StrideApp.swift */ = {isa = PBXFileReference; lastKnownFileType = sourcecode.swift; path = StrideApp.swift; sourceTree = "<group>"; };
		593C13502A79325C0008945E /* ContentView.swift */ = {isa = PBXFileReference; lastKnownFileType = sourcecode.swift; path = ContentView.swift; sourceTree = "<group>"; };
		593C13522A79325D0008945E /* Assets.xcassets */ = {isa = PBXFileReference; lastKnownFileType = folder.assetcatalog; path = Assets.xcassets; sourceTree = "<group>"; };
		593C13552A79325D0008945E /* Preview Assets.xcassets */ = {isa = PBXFileReference; lastKnownFileType = folder.assetcatalog; path = "Preview Assets.xcassets"; sourceTree = "<group>"; };
		593C135B2A79325D0008945E /* Stride Watch App.app */ = {isa = PBXFileReference; explicitFileType = wrapper.application; includeInIndex = 0; path = "Stride Watch App.app"; sourceTree = BUILT_PRODUCTS_DIR; };
		593C13602A79325D0008945E /* StrideApp.swift */ = {isa = PBXFileReference; lastKnownFileType = sourcecode.swift; path = StrideApp.swift; sourceTree = "<group>"; };
		593C13622A79325D0008945E /* ContentView.swift */ = {isa = PBXFileReference; lastKnownFileType = sourcecode.swift; path = ContentView.swift; sourceTree = "<group>"; };
		593C13642A79325E0008945E /* Assets.xcassets */ = {isa = PBXFileReference; lastKnownFileType = folder.assetcatalog; path = Assets.xcassets; sourceTree = "<group>"; };
		593C13672A79325E0008945E /* Preview Assets.xcassets */ = {isa = PBXFileReference; lastKnownFileType = folder.assetcatalog; path = "Preview Assets.xcassets"; sourceTree = "<group>"; };
		593C13772A79B6160008945E /* RouteList.swift */ = {isa = PBXFileReference; lastKnownFileType = sourcecode.swift; path = RouteList.swift; sourceTree = "<group>"; };
		593C13792A79B6410008945E /* DrawPath.swift */ = {isa = PBXFileReference; lastKnownFileType = sourcecode.swift; path = DrawPath.swift; sourceTree = "<group>"; };
		593C137B2A79B6650008945E /* MapView.swift */ = {isa = PBXFileReference; lastKnownFileType = sourcecode.swift; path = MapView.swift; sourceTree = "<group>"; };
		593C137D2A79F0990008945E /* MapView.swift */ = {isa = PBXFileReference; lastKnownFileType = sourcecode.swift; path = MapView.swift; sourceTree = "<group>"; };
		593C13832A7C5B680008945E /* RealTimeLocation.swift */ = {isa = PBXFileReference; lastKnownFileType = sourcecode.swift; path = RealTimeLocation.swift; sourceTree = "<group>"; };
		59704EE92A847B0500257BDA /* Controller.swift */ = {isa = PBXFileReference; lastKnownFileType = sourcecode.swift; path = Controller.swift; sourceTree = "<group>"; };
		59F3A26E2A7E7C8C00491709 /* GlobalVariabel.swift */ = {isa = PBXFileReference; lastKnownFileType = sourcecode.swift; path = GlobalVariabel.swift; sourceTree = "<group>"; };
		59F3A2712A7E7E2900491709 /* ArrowButtonComponent.swift */ = {isa = PBXFileReference; lastKnownFileType = sourcecode.swift; path = ArrowButtonComponent.swift; sourceTree = "<group>"; };
		59F3A2742A7E7F6C00491709 /* ChoseRouteButtonView.swift */ = {isa = PBXFileReference; lastKnownFileType = sourcecode.swift; path = ChoseRouteButtonView.swift; sourceTree = "<group>"; };
		59F3A2762A7FB85500491709 /* Stride Watch App.entitlements */ = {isa = PBXFileReference; lastKnownFileType = text.plist.entitlements; path = "Stride Watch App.entitlements"; sourceTree = "<group>"; };
		59F3A2772A7FBA9C00491709 /* HealthController.swift */ = {isa = PBXFileReference; lastKnownFileType = sourcecode.swift; path = HealthController.swift; sourceTree = "<group>"; };
		59F3A27B2A8074AB00491709 /* Stride-Watch-App-Info.plist */ = {isa = PBXFileReference; lastKnownFileType = text.plist; path = "Stride-Watch-App-Info.plist"; sourceTree = SOURCE_ROOT; };
		59F3A2822A81DA6A00491709 /* StartButtonComponent.swift */ = {isa = PBXFileReference; lastKnownFileType = sourcecode.swift; path = StartButtonComponent.swift; sourceTree = "<group>"; };
		59F3A2862A83242000491709 /* WatchConnectivityController.swift */ = {isa = PBXFileReference; lastKnownFileType = sourcecode.swift; path = WatchConnectivityController.swift; sourceTree = "<group>"; };
/* End PBXFileReference section */

/* Begin PBXFrameworksBuildPhase section */
		593C13482A79325C0008945E /* Frameworks */ = {
			isa = PBXFrameworksBuildPhase;
			buildActionMask = 2147483647;
			files = (
			);
			runOnlyForDeploymentPostprocessing = 0;
		};
		593C13582A79325D0008945E /* Frameworks */ = {
			isa = PBXFrameworksBuildPhase;
			buildActionMask = 2147483647;
			files = (
			);
			runOnlyForDeploymentPostprocessing = 0;
		};
/* End PBXFrameworksBuildPhase section */

/* Begin PBXGroup section */
		593C13422A79325C0008945E = {
			isa = PBXGroup;
			children = (
				593C13762A79B5F30008945E /* Models */,
				593C13752A79B5DA0008945E /* Controllers */,
				593C134D2A79325C0008945E /* Stride */,
				593C135F2A79325D0008945E /* Stride Watch App */,
				593C134C2A79325C0008945E /* Products */,
			);
			sourceTree = "<group>";
		};
		593C134C2A79325C0008945E /* Products */ = {
			isa = PBXGroup;
			children = (
				593C134B2A79325C0008945E /* Stride.app */,
				593C135B2A79325D0008945E /* Stride Watch App.app */,
			);
			name = Products;
			sourceTree = "<group>";
		};
		593C134D2A79325C0008945E /* Stride */ = {
			isa = PBXGroup;
			children = (
				59F3A2732A7E7E3B00491709 /* Component */,
				593C13722A79B59C0008945E /* Views */,
				593C134E2A79325C0008945E /* StrideApp.swift */,
				593C13502A79325C0008945E /* ContentView.swift */,
				593C13522A79325D0008945E /* Assets.xcassets */,
				593C13542A79325D0008945E /* Preview Content */,
			);
			path = Stride;
			sourceTree = "<group>";
		};
		593C13542A79325D0008945E /* Preview Content */ = {
			isa = PBXGroup;
			children = (
				593C13552A79325D0008945E /* Preview Assets.xcassets */,
			);
			path = "Preview Content";
			sourceTree = "<group>";
		};
		593C135F2A79325D0008945E /* Stride Watch App */ = {
			isa = PBXGroup;
			children = (
				59F3A27E2A81DA0500491709 /* Component */,
				59F3A27B2A8074AB00491709 /* Stride-Watch-App-Info.plist */,
				59F3A2762A7FB85500491709 /* Stride Watch App.entitlements */,
				593C13732A79B5A60008945E /* Views */,
				593C13602A79325D0008945E /* StrideApp.swift */,
				593C13622A79325D0008945E /* ContentView.swift */,
				593C13642A79325E0008945E /* Assets.xcassets */,
				593C13662A79325E0008945E /* Preview Content */,
				59704EE92A847B0500257BDA /* Controller.swift */,
			);
			path = "Stride Watch App";
			sourceTree = "<group>";
		};
		593C13662A79325E0008945E /* Preview Content */ = {
			isa = PBXGroup;
			children = (
				593C13672A79325E0008945E /* Preview Assets.xcassets */,
			);
			path = "Preview Content";
			sourceTree = "<group>";
		};
		593C13722A79B59C0008945E /* Views */ = {
			isa = PBXGroup;
			children = (
				593C137B2A79B6650008945E /* MapView.swift */,
				59F3A2742A7E7F6C00491709 /* ChoseRouteButtonView.swift */,
			);
			path = Views;
			sourceTree = "<group>";
		};
		593C13732A79B5A60008945E /* Views */ = {
			isa = PBXGroup;
			children = (
				593C137D2A79F0990008945E /* MapView.swift */,
			);
			path = Views;
			sourceTree = "<group>";
		};
		593C13752A79B5DA0008945E /* Controllers */ = {
			isa = PBXGroup;
			children = (
				593C13792A79B6410008945E /* DrawPath.swift */,
				593C13832A7C5B680008945E /* RealTimeLocation.swift */,
				59F3A2772A7FBA9C00491709 /* HealthController.swift */,
				59F3A2862A83242000491709 /* WatchConnectivityController.swift */,
			);
			path = Controllers;
			sourceTree = "<group>";
		};
		593C13762A79B5F30008945E /* Models */ = {
			isa = PBXGroup;
			children = (
				593C13772A79B6160008945E /* RouteList.swift */,
				59F3A26E2A7E7C8C00491709 /* GlobalVariabel.swift */,
			);
			path = Models;
			sourceTree = "<group>";
		};
		59F3A2732A7E7E3B00491709 /* Component */ = {
			isa = PBXGroup;
			children = (
				59F3A2712A7E7E2900491709 /* ArrowButtonComponent.swift */,
			);
			path = Component;
			sourceTree = "<group>";
		};
		59F3A27E2A81DA0500491709 /* Component */ = {
			isa = PBXGroup;
			children = (
				59F3A2822A81DA6A00491709 /* StartButtonComponent.swift */,
			);
			path = Component;
			sourceTree = "<group>";
		};
/* End PBXGroup section */

/* Begin PBXNativeTarget section */
		593C134A2A79325C0008945E /* Stride */ = {
			isa = PBXNativeTarget;
			buildConfigurationList = 593C136F2A79325E0008945E /* Build configuration list for PBXNativeTarget "Stride" */;
			buildPhases = (
				593C13472A79325C0008945E /* Sources */,
				593C13482A79325C0008945E /* Frameworks */,
				593C13492A79325C0008945E /* Resources */,
				593C136E2A79325E0008945E /* Embed Watch Content */,
			);
			buildRules = (
			);
			dependencies = (
				593C135E2A79325D0008945E /* PBXTargetDependency */,
			);
			name = Stride;
			productName = Stride;
			productReference = 593C134B2A79325C0008945E /* Stride.app */;
			productType = "com.apple.product-type.application";
		};
		593C135A2A79325D0008945E /* Stride Watch App */ = {
			isa = PBXNativeTarget;
			buildConfigurationList = 593C136B2A79325E0008945E /* Build configuration list for PBXNativeTarget "Stride Watch App" */;
			buildPhases = (
				593C13572A79325D0008945E /* Sources */,
				593C13582A79325D0008945E /* Frameworks */,
				593C13592A79325D0008945E /* Resources */,
				593C13962A7C81AD0008945E /* Embed ExtensionKit Extensions */,
				593C13A62A7C81ED0008945E /* Embed Foundation Extensions */,
			);
			buildRules = (
			);
			dependencies = (
			);
			name = "Stride Watch App";
			productName = "Stride Watch App";
			productReference = 593C135B2A79325D0008945E /* Stride Watch App.app */;
			productType = "com.apple.product-type.application";
		};
/* End PBXNativeTarget section */

/* Begin PBXProject section */
		593C13432A79325C0008945E /* Project object */ = {
			isa = PBXProject;
			attributes = {
				BuildIndependentTargetsInParallel = 1;
				LastSwiftUpdateCheck = 1430;
				LastUpgradeCheck = 1430;
				TargetAttributes = {
					593C134A2A79325C0008945E = {
						CreatedOnToolsVersion = 14.3.1;
					};
					593C135A2A79325D0008945E = {
						CreatedOnToolsVersion = 14.3.1;
					};
				};
			};
			buildConfigurationList = 593C13462A79325C0008945E /* Build configuration list for PBXProject "Stride" */;
			compatibilityVersion = "Xcode 14.0";
			developmentRegion = en;
			hasScannedForEncodings = 0;
			knownRegions = (
				en,
				Base,
			);
			mainGroup = 593C13422A79325C0008945E;
			productRefGroup = 593C134C2A79325C0008945E /* Products */;
			projectDirPath = "";
			projectRoot = "";
			targets = (
				593C134A2A79325C0008945E /* Stride */,
				593C135A2A79325D0008945E /* Stride Watch App */,
			);
		};
/* End PBXProject section */

/* Begin PBXResourcesBuildPhase section */
		593C13492A79325C0008945E /* Resources */ = {
			isa = PBXResourcesBuildPhase;
			buildActionMask = 2147483647;
			files = (
				593C13562A79325D0008945E /* Preview Assets.xcassets in Resources */,
				593C13532A79325D0008945E /* Assets.xcassets in Resources */,
			);
			runOnlyForDeploymentPostprocessing = 0;
		};
		593C13592A79325D0008945E /* Resources */ = {
			isa = PBXResourcesBuildPhase;
			buildActionMask = 2147483647;
			files = (
				593C13682A79325E0008945E /* Preview Assets.xcassets in Resources */,
				593C13652A79325E0008945E /* Assets.xcassets in Resources */,
			);
			runOnlyForDeploymentPostprocessing = 0;
		};
/* End PBXResourcesBuildPhase section */

/* Begin PBXSourcesBuildPhase section */
		593C13472A79325C0008945E /* Sources */ = {
			isa = PBXSourcesBuildPhase;
			buildActionMask = 2147483647;
			files = (
				59F3A2722A7E7E2900491709 /* ArrowButtonComponent.swift in Sources */,
				59F3A2782A7FBA9C00491709 /* HealthController.swift in Sources */,
				59F3A2752A7E7F6C00491709 /* ChoseRouteButtonView.swift in Sources */,
				59F3A26F2A7E7C8C00491709 /* GlobalVariabel.swift in Sources */,
				59F3A2872A83242000491709 /* WatchConnectivityController.swift in Sources */,
				593C137A2A79B6410008945E /* DrawPath.swift in Sources */,
				593C13782A79B6160008945E /* RouteList.swift in Sources */,
				593C137C2A79B6650008945E /* MapView.swift in Sources */,
				593C13512A79325C0008945E /* ContentView.swift in Sources */,
				593C134F2A79325C0008945E /* StrideApp.swift in Sources */,
			);
			runOnlyForDeploymentPostprocessing = 0;
		};
		593C13572A79325D0008945E /* Sources */ = {
			isa = PBXSourcesBuildPhase;
			buildActionMask = 2147483647;
			files = (
				59F3A2702A7E7C8C00491709 /* GlobalVariabel.swift in Sources */,
				593C13632A79325D0008945E /* ContentView.swift in Sources */,
				59F3A2882A83242000491709 /* WatchConnectivityController.swift in Sources */,
				59F3A2832A81DA6A00491709 /* StartButtonComponent.swift in Sources */,
				59F3A2792A7FBA9C00491709 /* HealthController.swift in Sources */,
				59704EEA2A847B0500257BDA /* Controller.swift in Sources */,
				593C13842A7C5B680008945E /* RealTimeLocation.swift in Sources */,
				593C137F2A79F3660008945E /* RouteList.swift in Sources */,
				593C137E2A79F0990008945E /* MapView.swift in Sources */,
				593C13612A79325D0008945E /* StrideApp.swift in Sources */,
			);
			runOnlyForDeploymentPostprocessing = 0;
		};
/* End PBXSourcesBuildPhase section */

/* Begin PBXTargetDependency section */
		593C135E2A79325D0008945E /* PBXTargetDependency */ = {
			isa = PBXTargetDependency;
			target = 593C135A2A79325D0008945E /* Stride Watch App */;
			targetProxy = 593C135D2A79325D0008945E /* PBXContainerItemProxy */;
		};
/* End PBXTargetDependency section */

/* Begin XCBuildConfiguration section */
		593C13692A79325E0008945E /* Debug */ = {
			isa = XCBuildConfiguration;
			buildSettings = {
				ALWAYS_SEARCH_USER_PATHS = NO;
				CLANG_ANALYZER_NONNULL = YES;
				CLANG_ANALYZER_NUMBER_OBJECT_CONVERSION = YES_AGGRESSIVE;
				CLANG_CXX_LANGUAGE_STANDARD = "gnu++20";
				CLANG_ENABLE_MODULES = YES;
				CLANG_ENABLE_OBJC_ARC = YES;
				CLANG_ENABLE_OBJC_WEAK = YES;
				CLANG_WARN_BLOCK_CAPTURE_AUTORELEASING = YES;
				CLANG_WARN_BOOL_CONVERSION = YES;
				CLANG_WARN_COMMA = YES;
				CLANG_WARN_CONSTANT_CONVERSION = YES;
				CLANG_WARN_DEPRECATED_OBJC_IMPLEMENTATIONS = YES;
				CLANG_WARN_DIRECT_OBJC_ISA_USAGE = YES_ERROR;
				CLANG_WARN_DOCUMENTATION_COMMENTS = YES;
				CLANG_WARN_EMPTY_BODY = YES;
				CLANG_WARN_ENUM_CONVERSION = YES;
				CLANG_WARN_INFINITE_RECURSION = YES;
				CLANG_WARN_INT_CONVERSION = YES;
				CLANG_WARN_NON_LITERAL_NULL_CONVERSION = YES;
				CLANG_WARN_OBJC_IMPLICIT_RETAIN_SELF = YES;
				CLANG_WARN_OBJC_LITERAL_CONVERSION = YES;
				CLANG_WARN_OBJC_ROOT_CLASS = YES_ERROR;
				CLANG_WARN_QUOTED_INCLUDE_IN_FRAMEWORK_HEADER = YES;
				CLANG_WARN_RANGE_LOOP_ANALYSIS = YES;
				CLANG_WARN_STRICT_PROTOTYPES = YES;
				CLANG_WARN_SUSPICIOUS_MOVE = YES;
				CLANG_WARN_UNGUARDED_AVAILABILITY = YES_AGGRESSIVE;
				CLANG_WARN_UNREACHABLE_CODE = YES;
				CLANG_WARN__DUPLICATE_METHOD_MATCH = YES;
				COPY_PHASE_STRIP = NO;
				DEBUG_INFORMATION_FORMAT = dwarf;
				ENABLE_STRICT_OBJC_MSGSEND = YES;
				ENABLE_TESTABILITY = YES;
				GCC_C_LANGUAGE_STANDARD = gnu11;
				GCC_DYNAMIC_NO_PIC = NO;
				GCC_NO_COMMON_BLOCKS = YES;
				GCC_OPTIMIZATION_LEVEL = 0;
				GCC_PREPROCESSOR_DEFINITIONS = (
					"DEBUG=1",
					"$(inherited)",
				);
				GCC_WARN_64_TO_32_BIT_CONVERSION = YES;
				GCC_WARN_ABOUT_RETURN_TYPE = YES_ERROR;
				GCC_WARN_UNDECLARED_SELECTOR = YES;
				GCC_WARN_UNINITIALIZED_AUTOS = YES_AGGRESSIVE;
				GCC_WARN_UNUSED_FUNCTION = YES;
				GCC_WARN_UNUSED_VARIABLE = YES;
				MTL_ENABLE_DEBUG_INFO = INCLUDE_SOURCE;
				MTL_FAST_MATH = YES;
				ONLY_ACTIVE_ARCH = YES;
				SWIFT_ACTIVE_COMPILATION_CONDITIONS = DEBUG;
				SWIFT_OPTIMIZATION_LEVEL = "-Onone";
			};
			name = Debug;
		};
		593C136A2A79325E0008945E /* Release */ = {
			isa = XCBuildConfiguration;
			buildSettings = {
				ALWAYS_SEARCH_USER_PATHS = NO;
				CLANG_ANALYZER_NONNULL = YES;
				CLANG_ANALYZER_NUMBER_OBJECT_CONVERSION = YES_AGGRESSIVE;
				CLANG_CXX_LANGUAGE_STANDARD = "gnu++20";
				CLANG_ENABLE_MODULES = YES;
				CLANG_ENABLE_OBJC_ARC = YES;
				CLANG_ENABLE_OBJC_WEAK = YES;
				CLANG_WARN_BLOCK_CAPTURE_AUTORELEASING = YES;
				CLANG_WARN_BOOL_CONVERSION = YES;
				CLANG_WARN_COMMA = YES;
				CLANG_WARN_CONSTANT_CONVERSION = YES;
				CLANG_WARN_DEPRECATED_OBJC_IMPLEMENTATIONS = YES;
				CLANG_WARN_DIRECT_OBJC_ISA_USAGE = YES_ERROR;
				CLANG_WARN_DOCUMENTATION_COMMENTS = YES;
				CLANG_WARN_EMPTY_BODY = YES;
				CLANG_WARN_ENUM_CONVERSION = YES;
				CLANG_WARN_INFINITE_RECURSION = YES;
				CLANG_WARN_INT_CONVERSION = YES;
				CLANG_WARN_NON_LITERAL_NULL_CONVERSION = YES;
				CLANG_WARN_OBJC_IMPLICIT_RETAIN_SELF = YES;
				CLANG_WARN_OBJC_LITERAL_CONVERSION = YES;
				CLANG_WARN_OBJC_ROOT_CLASS = YES_ERROR;
				CLANG_WARN_QUOTED_INCLUDE_IN_FRAMEWORK_HEADER = YES;
				CLANG_WARN_RANGE_LOOP_ANALYSIS = YES;
				CLANG_WARN_STRICT_PROTOTYPES = YES;
				CLANG_WARN_SUSPICIOUS_MOVE = YES;
				CLANG_WARN_UNGUARDED_AVAILABILITY = YES_AGGRESSIVE;
				CLANG_WARN_UNREACHABLE_CODE = YES;
				CLANG_WARN__DUPLICATE_METHOD_MATCH = YES;
				COPY_PHASE_STRIP = NO;
				DEBUG_INFORMATION_FORMAT = "dwarf-with-dsym";
				ENABLE_NS_ASSERTIONS = NO;
				ENABLE_STRICT_OBJC_MSGSEND = YES;
				GCC_C_LANGUAGE_STANDARD = gnu11;
				GCC_NO_COMMON_BLOCKS = YES;
				GCC_WARN_64_TO_32_BIT_CONVERSION = YES;
				GCC_WARN_ABOUT_RETURN_TYPE = YES_ERROR;
				GCC_WARN_UNDECLARED_SELECTOR = YES;
				GCC_WARN_UNINITIALIZED_AUTOS = YES_AGGRESSIVE;
				GCC_WARN_UNUSED_FUNCTION = YES;
				GCC_WARN_UNUSED_VARIABLE = YES;
				MTL_ENABLE_DEBUG_INFO = NO;
				MTL_FAST_MATH = YES;
				SWIFT_COMPILATION_MODE = wholemodule;
				SWIFT_OPTIMIZATION_LEVEL = "-O";
			};
			name = Release;
		};
		593C136C2A79325E0008945E /* Debug */ = {
			isa = XCBuildConfiguration;
			buildSettings = {
				ALWAYS_EMBED_SWIFT_STANDARD_LIBRARIES = YES;
				ASSETCATALOG_COMPILER_APPICON_NAME = AppIcon;
				ASSETCATALOG_COMPILER_GLOBAL_ACCENT_COLOR_NAME = AccentColor;
				CODE_SIGN_ENTITLEMENTS = "Stride Watch App/Stride Watch App.entitlements";
				CODE_SIGN_STYLE = Automatic;
				CURRENT_PROJECT_VERSION = 1;
				DEVELOPMENT_ASSET_PATHS = "\"Stride Watch App/Preview Content\"";
				DEVELOPMENT_TEAM = F239378APP;
				ENABLE_PREVIEWS = YES;
				GENERATE_INFOPLIST_FILE = YES;
				INFOPLIST_FILE = "Stride-Watch-App-Info.plist";
				INFOPLIST_KEY_CFBundleDisplayName = Stride;
				INFOPLIST_KEY_NSCameraUsageDescription = "Juse das";
				INFOPLIST_KEY_NSLocationAlwaysAndWhenInUseUsageDescription = "Help me";
				INFOPLIST_KEY_NSLocationWhenInUseUsageDescription = "Awang hep";
				INFOPLIST_KEY_UISupportedInterfaceOrientations = "UIInterfaceOrientationPortrait UIInterfaceOrientationPortraitUpsideDown";
				INFOPLIST_KEY_WKCompanionAppBundleIdentifier = com.ada.Stride;
				INFOPLIST_KEY_WKRunsIndependentlyOfCompanionApp = YES;
				LD_RUNPATH_SEARCH_PATHS = (
					"$(inherited)",
					"@executable_path/Frameworks",
				);
				MARKETING_VERSION = 1.0;
				PRODUCT_BUNDLE_IDENTIFIER = com.ada.Stride.watchkitapp;
				PRODUCT_NAME = "$(TARGET_NAME)";
				SDKROOT = watchos;
				SKIP_INSTALL = YES;
				SWIFT_EMIT_LOC_STRINGS = YES;
				SWIFT_VERSION = 5.0;
				TARGETED_DEVICE_FAMILY = 4;
				WATCHOS_DEPLOYMENT_TARGET = 9.4;
			};
			name = Debug;
		};
		593C136D2A79325E0008945E /* Release */ = {
			isa = XCBuildConfiguration;
			buildSettings = {
				ALWAYS_EMBED_SWIFT_STANDARD_LIBRARIES = YES;
				ASSETCATALOG_COMPILER_APPICON_NAME = AppIcon;
				ASSETCATALOG_COMPILER_GLOBAL_ACCENT_COLOR_NAME = AccentColor;
				CODE_SIGN_ENTITLEMENTS = "Stride Watch App/Stride Watch App.entitlements";
				CODE_SIGN_STYLE = Automatic;
				CURRENT_PROJECT_VERSION = 1;
				DEVELOPMENT_ASSET_PATHS = "\"Stride Watch App/Preview Content\"";
				DEVELOPMENT_TEAM = F239378APP;
				ENABLE_PREVIEWS = YES;
				GENERATE_INFOPLIST_FILE = YES;
				INFOPLIST_FILE = "Stride-Watch-App-Info.plist";
				INFOPLIST_KEY_CFBundleDisplayName = Stride;
				INFOPLIST_KEY_NSCameraUsageDescription = "Juse das";
				INFOPLIST_KEY_NSLocationAlwaysAndWhenInUseUsageDescription = "Help me";
				INFOPLIST_KEY_NSLocationWhenInUseUsageDescription = "Awang hep";
				INFOPLIST_KEY_UISupportedInterfaceOrientations = "UIInterfaceOrientationPortrait UIInterfaceOrientationPortraitUpsideDown";
				INFOPLIST_KEY_WKCompanionAppBundleIdentifier = com.ada.Stride;
				INFOPLIST_KEY_WKRunsIndependentlyOfCompanionApp = YES;
				LD_RUNPATH_SEARCH_PATHS = (
					"$(inherited)",
					"@executable_path/Frameworks",
				);
				MARKETING_VERSION = 1.0;
				PRODUCT_BUNDLE_IDENTIFIER = com.ada.Stride.watchkitapp;
				PRODUCT_NAME = "$(TARGET_NAME)";
				SDKROOT = watchos;
				SKIP_INSTALL = YES;
				SWIFT_EMIT_LOC_STRINGS = YES;
				SWIFT_VERSION = 5.0;
				TARGETED_DEVICE_FAMILY = 4;
				VALIDATE_PRODUCT = YES;
				WATCHOS_DEPLOYMENT_TARGET = 9.4;
			};
			name = Release;
		};
		593C13702A79325E0008945E /* Debug */ = {
			isa = XCBuildConfiguration;
			buildSettings = {
				ALWAYS_EMBED_SWIFT_STANDARD_LIBRARIES = YES;
				ASSETCATALOG_COMPILER_APPICON_NAME = AppIcon;
				ASSETCATALOG_COMPILER_GLOBAL_ACCENT_COLOR_NAME = AccentColor;
				CODE_SIGN_STYLE = Automatic;
				CURRENT_PROJECT_VERSION = 1;
				DEVELOPMENT_ASSET_PATHS = "\"Stride/Preview Content\"";
				DEVELOPMENT_TEAM = F239378APP;
				ENABLE_PREVIEWS = YES;
				GENERATE_INFOPLIST_FILE = YES;
				INFOPLIST_KEY_CFBundleDisplayName = Stride;
				INFOPLIST_KEY_NSLocationAlwaysAndWhenInUseUsageDescription = "What wrong";
				INFOPLIST_KEY_NSLocationUsageDescription = "";
				INFOPLIST_KEY_UIApplicationSceneManifest_Generation = YES;
				INFOPLIST_KEY_UIApplicationSupportsIndirectInputEvents = YES;
				INFOPLIST_KEY_UILaunchScreen_Generation = YES;
				INFOPLIST_KEY_UISupportedInterfaceOrientations_iPad = "UIInterfaceOrientationPortrait UIInterfaceOrientationPortraitUpsideDown UIInterfaceOrientationLandscapeLeft UIInterfaceOrientationLandscapeRight";
				INFOPLIST_KEY_UISupportedInterfaceOrientations_iPhone = "UIInterfaceOrientationPortrait UIInterfaceOrientationLandscapeLeft UIInterfaceOrientationLandscapeRight";
				IPHONEOS_DEPLOYMENT_TARGET = 16.4;
				LD_RUNPATH_SEARCH_PATHS = (
					"$(inherited)",
					"@executable_path/Frameworks",
				);
				MARKETING_VERSION = 1.0;
				PRODUCT_BUNDLE_IDENTIFIER = com.ada.Stride;
				PRODUCT_NAME = "$(TARGET_NAME)";
				SDKROOT = iphoneos;
				SWIFT_EMIT_LOC_STRINGS = YES;
				SWIFT_VERSION = 5.0;
				TARGETED_DEVICE_FAMILY = "1,2";
			};
			name = Debug;
		};
		593C13712A79325E0008945E /* Release */ = {
			isa = XCBuildConfiguration;
			buildSettings = {
				ALWAYS_EMBED_SWIFT_STANDARD_LIBRARIES = YES;
				ASSETCATALOG_COMPILER_APPICON_NAME = AppIcon;
				ASSETCATALOG_COMPILER_GLOBAL_ACCENT_COLOR_NAME = AccentColor;
				CODE_SIGN_STYLE = Automatic;
				CURRENT_PROJECT_VERSION = 1;
				DEVELOPMENT_ASSET_PATHS = "\"Stride/Preview Content\"";
				DEVELOPMENT_TEAM = F239378APP;
				ENABLE_PREVIEWS = YES;
				GENERATE_INFOPLIST_FILE = YES;
				INFOPLIST_KEY_CFBundleDisplayName = Stride;
				INFOPLIST_KEY_NSLocationAlwaysAndWhenInUseUsageDescription = "What wrong";
				INFOPLIST_KEY_NSLocationUsageDescription = "";
				INFOPLIST_KEY_UIApplicationSceneManifest_Generation = YES;
				INFOPLIST_KEY_UIApplicationSupportsIndirectInputEvents = YES;
				INFOPLIST_KEY_UILaunchScreen_Generation = YES;
				INFOPLIST_KEY_UISupportedInterfaceOrientations_iPad = "UIInterfaceOrientationPortrait UIInterfaceOrientationPortraitUpsideDown UIInterfaceOrientationLandscapeLeft UIInterfaceOrientationLandscapeRight";
				INFOPLIST_KEY_UISupportedInterfaceOrientations_iPhone = "UIInterfaceOrientationPortrait UIInterfaceOrientationLandscapeLeft UIInterfaceOrientationLandscapeRight";
				IPHONEOS_DEPLOYMENT_TARGET = 16.4;
				LD_RUNPATH_SEARCH_PATHS = (
					"$(inherited)",
					"@executable_path/Frameworks",
				);
				MARKETING_VERSION = 1.0;
				PRODUCT_BUNDLE_IDENTIFIER = com.ada.Stride;
				PRODUCT_NAME = "$(TARGET_NAME)";
				SDKROOT = iphoneos;
				SWIFT_EMIT_LOC_STRINGS = YES;
				SWIFT_VERSION = 5.0;
				TARGETED_DEVICE_FAMILY = "1,2";
				VALIDATE_PRODUCT = YES;
			};
			name = Release;
		};
/* End XCBuildConfiguration section */

/* Begin XCConfigurationList section */
		593C13462A79325C0008945E /* Build configuration list for PBXProject "Stride" */ = {
			isa = XCConfigurationList;
			buildConfigurations = (
				593C13692A79325E0008945E /* Debug */,
				593C136A2A79325E0008945E /* Release */,
			);
			defaultConfigurationIsVisible = 0;
			defaultConfigurationName = Release;
		};
		593C136B2A79325E0008945E /* Build configuration list for PBXNativeTarget "Stride Watch App" */ = {
			isa = XCConfigurationList;
			buildConfigurations = (
				593C136C2A79325E0008945E /* Debug */,
				593C136D2A79325E0008945E /* Release */,
			);
			defaultConfigurationIsVisible = 0;
			defaultConfigurationName = Release;
		};
		593C136F2A79325E0008945E /* Build configuration list for PBXNativeTarget "Stride" */ = {
			isa = XCConfigurationList;
			buildConfigurations = (
				593C13702A79325E0008945E /* Debug */,
				593C13712A79325E0008945E /* Release */,
			);
			defaultConfigurationIsVisible = 0;
			defaultConfigurationName = Release;
		};
/* End XCConfigurationList section */
	};
	rootObject = 593C13432A79325C0008945E /* Project object */;
}
